
Microsoft Visual Studio Solution File, Format Version 12.00
# Visual Studio Version 17
VisualStudioVersion = 17.4.33122.133
MinimumVisualStudioVersion = 10.0.40219.1
Project("{9A19103F-16F7-4668-BE54-9A1E7A4F7556}") = "cSharpAcademy_Sports_Results_Notifier", "cSharpAcademy_Sports_Results_Notifier.csproj", "{0E73238C-1C55-44C8-BFD4-FAD42499E001}"
EndProject
Global
	GlobalSection(SolutionConfigurationPlatforms) = preSolution
		Debug|Any CPU = Debug|Any CPU
		Release|Any CPU = Release|Any CPU
	EndGlobalSection
	GlobalSection(ProjectConfigurationPlatforms) = postSolution
		{0E73238C-1C55-44C8-BFD4-FAD42499E001}.Debug|Any CPU.ActiveCfg = Debug|Any CPU
		{0E73238C-1C55-44C8-BFD4-FAD42499E001}.Debug|Any CPU.Build.0 = Debug|Any CPU
		{0E73238C-1C55-44C8-BFD4-FAD42499E001}.Release|Any CPU.ActiveCfg = Release|Any CPU
		{0E73238C-1C55-44C8-BFD4-FAD42499E001}.Release|Any CPU.Build.0 = Release|Any CPU
	EndGlobalSection
	GlobalSection(SolutionProperties) = preSolution
		HideSolutionNode = FALSE
	EndGlobalSection
	GlobalSection(ExtensibilityGlobals) = postSolution
		SolutionGuid = {0B740645-3364-4298-97BD-D11F9E856892}
	EndGlobalSection
EndGlobal
